{
  "name": "hello-world",
  "version": "1.0.0",
  "lockfileVersion": 1,
  "requires": true,
  "dependencies": {
    "ask-sdk-core": {
      "version": "2.1.0",
      "resolved": "https://registry.npmjs.org/ask-sdk-core/-/ask-sdk-core-2.1.0.tgz",
      "integrity": "sha512-rpltf942eaoFh9jib+BxTG9+OX5yuVw1F2VDI6fnkGlshOvbD7KL4i/FUuubolPEdglr4TqBMKQ2tOuKKDoVNw==",
      "requires": {
        "ask-sdk-runtime": "^2.1.0"
      }
    },
    "ask-sdk-model": {
      "version": "1.7.1",
      "resolved": "https://registry.npmjs.org/ask-sdk-model/-/ask-sdk-model-1.7.1.tgz",
      "integrity": "sha512-aOaQnAFCJEmy/Px87xajvAElHi4x12Ib5cHvrnFKiY1pZ/HnT/ASsZunTK8kI8RapMcNiYAEMeW/zvlEDSc2fA=="
    },
    "ask-sdk-runtime": {
      "version": "2.1.0",
      "resolved": "https://registry.npmjs.org/ask-sdk-runtime/-/ask-sdk-runtime-2.1.0.tgz",
      "integrity": "sha512-xiRN41gBWdLFl9m57Mzlv/JIxLZdcVoRI/01wvJXybnw/e+KwqU9l7pkXxhiyLa5hMVHs1snTJUlbHXx6xfD/A=="
    }
  }
}
